
Microsoft Visual Studio Solution File, Format Version 12.00
# Visual Studio Version 17
VisualStudioVersion = 17.0.31903.59
MinimumVisualStudioVersion = 10.0.40219.1
Project("{2150E333-8FDC-42A3-9474-1A3956D46DE8}") = "src", "src", "{827E0CD3-B72D-47B6-A68D-7590B98EB39B}"
EndProject
Project("{FAE04EC0-301F-11D3-BF4B-00C04F79EFBC}") = "SequelLight", "src\SequelLight\SequelLight.csproj", "{693492F1-55BD-4656-8B9A-DE0379C81103}"
EndProject
Project("{FAE04EC0-301F-11D3-BF4B-00C04F79EFBC}") = "SequelLight.Cli", "src\SequelLight.Cli\SequelLight.Cli.csproj", "{5384E4EF-303D-4DA1-B883-4D53204C30EE}"
EndProject
Project("{2150E333-8FDC-42A3-9474-1A3956D46DE8}") = "tests", "tests", "{0AB3BF05-4346-4AA6-1389-037BE0695223}"
	ProjectSection(SolutionItems) = preProject
		tests\northwind.sql = tests\northwind.sql
	EndProjectSection
EndProject
Project("{FAE04EC0-301F-11D3-BF4B-00C04F79EFBC}") = "SequelLight.Tests", "tests\SequelLight.Tests\SequelLight.Tests.csproj", "{74C59AEF-296F-4E77-83CC-DF865664D841}"
EndProject
Project("{2150E333-8FDC-42A3-9474-1A3956D46DE8}") = "benchmarks", "benchmarks", "{66320409-64EC-F7C5-3DEF-65E7510DAAD1}"
EndProject
Project("{FAE04EC0-301F-11D3-BF4B-00C04F79EFBC}") = "SequelLight.Benchmarks", "benchmarks\SequelLight.Benchmarks\SequelLight.Benchmarks.csproj", "{661EE33D-F3D1-42F3-823A-88EA98132F23}"
EndProject
Global
	GlobalSection(SolutionConfigurationPlatforms) = preSolution
		Debug|Any CPU = Debug|Any CPU
		Debug|x64 = Debug|x64
		Debug|x86 = Debug|x86
		Release|Any CPU = Release|Any CPU
		Release|x64 = Release|x64
		Release|x86 = Release|x86
	EndGlobalSection
	GlobalSection(ProjectConfigurationPlatforms) = postSolution
		{693492F1-55BD-4656-8B9A-DE0379C81103}.Debug|Any CPU.ActiveCfg = Debug|Any CPU
		{693492F1-55BD-4656-8B9A-DE0379C81103}.Debug|Any CPU.Build.0 = Debug|Any CPU
		{693492F1-55BD-4656-8B9A-DE0379C81103}.Debug|x64.ActiveCfg = Debug|Any CPU
		{693492F1-55BD-4656-8B9A-DE0379C81103}.Debug|x64.Build.0 = Debug|Any CPU
		{693492F1-55BD-4656-8B9A-DE0379C81103}.Debug|x86.ActiveCfg = Debug|Any CPU
		{693492F1-55BD-4656-8B9A-DE0379C81103}.Debug|x86.Build.0 = Debug|Any CPU
		{693492F1-55BD-4656-8B9A-DE0379C81103}.Release|Any CPU.ActiveCfg = Release|Any CPU
		{693492F1-55BD-4656-8B9A-DE0379C81103}.Release|Any CPU.Build.0 = Release|Any CPU
		{693492F1-55BD-4656-8B9A-DE0379C81103}.Release|x64.ActiveCfg = Release|Any CPU
		{693492F1-55BD-4656-8B9A-DE0379C81103}.Release|x64.Build.0 = Release|Any CPU
		{693492F1-55BD-4656-8B9A-DE0379C81103}.Release|x86.ActiveCfg = Release|Any CPU
		{693492F1-55BD-4656-8B9A-DE0379C81103}.Release|x86.Build.0 = Release|Any CPU
		{5384E4EF-303D-4DA1-B883-4D53204C30EE}.Debug|Any CPU.ActiveCfg = Debug|Any CPU
		{5384E4EF-303D-4DA1-B883-4D53204C30EE}.Debug|Any CPU.Build.0 = Debug|Any CPU
		{5384E4EF-303D-4DA1-B883-4D53204C30EE}.Debug|x64.ActiveCfg = Debug|Any CPU
		{5384E4EF-303D-4DA1-B883-4D53204C30EE}.Debug|x64.Build.0 = Debug|Any CPU
		{5384E4EF-303D-4DA1-B883-4D53204C30EE}.Debug|x86.ActiveCfg = Debug|Any CPU
		{5384E4EF-303D-4DA1-B883-4D53204C30EE}.Debug|x86.Build.0 = Debug|Any CPU
		{5384E4EF-303D-4DA1-B883-4D53204C30EE}.Release|Any CPU.ActiveCfg = Release|Any CPU
		{5384E4EF-303D-4DA1-B883-4D53204C30EE}.Release|Any CPU.Build.0 = Release|Any CPU
		{5384E4EF-303D-4DA1-B883-4D53204C30EE}.Release|x64.ActiveCfg = Release|Any CPU
		{5384E4EF-303D-4DA1-B883-4D53204C30EE}.Release|x64.Build.0 = Release|Any CPU
		{5384E4EF-303D-4DA1-B883-4D53204C30EE}.Release|x86.ActiveCfg = Release|Any CPU
		{5384E4EF-303D-4DA1-B883-4D53204C30EE}.Release|x86.Build.0 = Release|Any CPU
		{74C59AEF-296F-4E77-83CC-DF865664D841}.Debug|Any CPU.ActiveCfg = Debug|Any CPU
		{74C59AEF-296F-4E77-83CC-DF865664D841}.Debug|Any CPU.Build.0 = Debug|Any CPU
		{74C59AEF-296F-4E77-83CC-DF865664D841}.Debug|x64.ActiveCfg = Debug|Any CPU
		{74C59AEF-296F-4E77-83CC-DF865664D841}.Debug|x64.Build.0 = Debug|Any CPU
		{74C59AEF-296F-4E77-83CC-DF865664D841}.Debug|x86.ActiveCfg = Debug|Any CPU
		{74C59AEF-296F-4E77-83CC-DF865664D841}.Debug|x86.Build.0 = Debug|Any CPU
		{74C59AEF-296F-4E77-83CC-DF865664D841}.Release|Any CPU.ActiveCfg = Release|Any CPU
		{74C59AEF-296F-4E77-83CC-DF865664D841}.Release|Any CPU.Build.0 = Release|Any CPU
		{74C59AEF-296F-4E77-83CC-DF865664D841}.Release|x64.ActiveCfg = Release|Any CPU
		{74C59AEF-296F-4E77-83CC-DF865664D841}.Release|x64.Build.0 = Release|Any CPU
		{74C59AEF-296F-4E77-83CC-DF865664D841}.Release|x86.ActiveCfg = Release|Any CPU
		{74C59AEF-296F-4E77-83CC-DF865664D841}.Release|x86.Build.0 = Release|Any CPU
		{661EE33D-F3D1-42F3-823A-88EA98132F23}.Debug|Any CPU.ActiveCfg = Debug|Any CPU
		{661EE33D-F3D1-42F3-823A-88EA98132F23}.Debug|Any CPU.Build.0 = Debug|Any CPU
		{661EE33D-F3D1-42F3-823A-88EA98132F23}.Debug|x64.ActiveCfg = Debug|Any CPU
		{661EE33D-F3D1-42F3-823A-88EA98132F23}.Debug|x64.Build.0 = Debug|Any CPU
		{661EE33D-F3D1-42F3-823A-88EA98132F23}.Debug|x86.ActiveCfg = Debug|Any CPU
		{661EE33D-F3D1-42F3-823A-88EA98132F23}.Debug|x86.Build.0 = Debug|Any CPU
		{661EE33D-F3D1-42F3-823A-88EA98132F23}.Release|Any CPU.ActiveCfg = Release|Any CPU
		{661EE33D-F3D1-42F3-823A-88EA98132F23}.Release|Any CPU.Build.0 = Release|Any CPU
		{661EE33D-F3D1-42F3-823A-88EA98132F23}.Release|x64.ActiveCfg = Release|Any CPU
		{661EE33D-F3D1-42F3-823A-88EA98132F23}.Release|x64.Build.0 = Release|Any CPU
		{661EE33D-F3D1-42F3-823A-88EA98132F23}.Release|x86.ActiveCfg = Release|Any CPU
		{661EE33D-F3D1-42F3-823A-88EA98132F23}.Release|x86.Build.0 = Release|Any CPU
	EndGlobalSection
	GlobalSection(SolutionProperties) = preSolution
		HideSolutionNode = FALSE
	EndGlobalSection
	GlobalSection(NestedProjects) = preSolution
		{693492F1-55BD-4656-8B9A-DE0379C81103} = {827E0CD3-B72D-47B6-A68D-7590B98EB39B}
		{5384E4EF-303D-4DA1-B883-4D53204C30EE} = {827E0CD3-B72D-47B6-A68D-7590B98EB39B}
		{74C59AEF-296F-4E77-83CC-DF865664D841} = {0AB3BF05-4346-4AA6-1389-037BE0695223}
		{661EE33D-F3D1-42F3-823A-88EA98132F23} = {66320409-64EC-F7C5-3DEF-65E7510DAAD1}
	EndGlobalSection
EndGlobal
